// !$*UTF8*$!
{
	archiveVersion = 1;
	classes = {
	};
	objectVersion = 51;
	objects = {

/* Begin PBXBuildFile section */
		0C55E6F06FBACD8002E1F66E /* Pods_EthereumIosSample.framework in Frameworks */ = {isa = PBXBuildFile; fileRef = 8768FAF2A63B18547AC2DBC8 /* Pods_EthereumIosSample.framework */; };
		162CEA5C3C03E4C6C52CA8DC /* Pods_EthereumIosSample_EthereumIosSampleUITests.framework in Frameworks */ = {isa = PBXBuildFile; fileRef = F71360BE674C5B9B4E909DFC /* Pods_EthereumIosSample_EthereumIosSampleUITests.framework */; };
		B893F1E825B67DE000D055C2 /* AppDelegate.swift in Sources */ = {isa = PBXBuildFile; fileRef = B893F1E725B67DE000D055C2 /* AppDelegate.swift */; };
		B893F1EA25B67DE000D055C2 /* SceneDelegate.swift in Sources */ = {isa = PBXBuildFile; fileRef = B893F1E925B67DE000D055C2 /* SceneDelegate.swift */; };
		B893F1EC25B67DE000D055C2 /* ViewController.swift in Sources */ = {isa = PBXBuildFile; fileRef = B893F1EB25B67DE000D055C2 /* ViewController.swift */; };
		B893F1EF25B67DE000D055C2 /* Main.storyboard in Resources */ = {isa = PBXBuildFile; fileRef = B893F1ED25B67DE000D055C2 /* Main.storyboard */; };
		B893F1F125B67DE100D055C2 /* Assets.xcassets in Resources */ = {isa = PBXBuildFile; fileRef = B893F1F025B67DE100D055C2 /* Assets.xcassets */; };
		B893F1F425B67DE100D055C2 /* LaunchScreen.storyboard in Resources */ = {isa = PBXBuildFile; fileRef = B893F1F225B67DE100D055C2 /* LaunchScreen.storyboard */; };
		B893F1FF25B67DE100D055C2 /* EthereumIosSampleTests.swift in Sources */ = {isa = PBXBuildFile; fileRef = B893F1FE25B67DE100D055C2 /* EthereumIosSampleTests.swift */; };
		B893F20A25B67DE100D055C2 /* EthereumIosSampleUITests.swift in Sources */ = {isa = PBXBuildFile; fileRef = B893F20925B67DE100D055C2 /* EthereumIosSampleUITests.swift */; };
		B893F22625B67F0B00D055C2 /* CreateWalletVC.swift in Sources */ = {isa = PBXBuildFile; fileRef = B893F22525B67F0B00D055C2 /* CreateWalletVC.swift */; };
		B893F22B25B67F2200D055C2 /* CheckBalanceVC.swift in Sources */ = {isa = PBXBuildFile; fileRef = B893F22A25B67F2200D055C2 /* CheckBalanceVC.swift */; };
		B893F23025B67F6300D055C2 /* SendEthereumVC.swift in Sources */ = {isa = PBXBuildFile; fileRef = B893F22F25B67F6300D055C2 /* SendEthereumVC.swift */; };
		B893F23525B67F7C00D055C2 /* ExportPrivateKeyVC.swift in Sources */ = {isa = PBXBuildFile; fileRef = B893F23425B67F7C00D055C2 /* ExportPrivateKeyVC.swift */; };
		B893F23A25B67F8D00D055C2 /* ExportKeystoreVC.swift in Sources */ = {isa = PBXBuildFile; fileRef = B893F23925B67F8D00D055C2 /* ExportKeystoreVC.swift */; };
		B893F23F25B67FA600D055C2 /* CheckERC20TokenBalanceVC.swift in Sources */ = {isa = PBXBuildFile; fileRef = B893F23E25B67FA600D055C2 /* CheckERC20TokenBalanceVC.swift */; };
		B893F24425B67FBA00D055C2 /* ImportByPrivateKeyVC.swift in Sources */ = {isa = PBXBuildFile; fileRef = B893F24325B67FBA00D055C2 /* ImportByPrivateKeyVC.swift */; };
		B893F24925B67FCB00D055C2 /* SendERC20TokenVC.swift in Sources */ = {isa = PBXBuildFile; fileRef = B893F24825B67FCB00D055C2 /* SendERC20TokenVC.swift */; };
		B893F24E25B67FDC00D055C2 /* ImportByKeystore.swift in Sources */ = {isa = PBXBuildFile; fileRef = B893F24D25B67FDC00D055C2 /* ImportByKeystore.swift */; };
		E39375A7F86808830E924C90 /* Pods_EthereumIosSampleTests.framework in Frameworks */ = {isa = PBXBuildFile; fileRef = B3430C2560B78211291784DD /* Pods_EthereumIosSampleTests.framework */; };
/* End PBXBuildFile section */

/* Begin PBXContainerItemProxy section */
		B893F1FB25B67DE100D055C2 /* PBXContainerItemProxy */ = {
			isa = PBXContainerItemProxy;
			containerPortal = B893F1DC25B67DE000D055C2 /* Project object */;
			proxyType = 1;
			remoteGlobalIDString = B893F1E325B67DE000D055C2;
			remoteInfo = EthereumIosSample;
		};
		B893F20625B67DE100D055C2 /* PBXContainerItemProxy */ = {
			isa = PBXContainerItemProxy;
			containerPortal = B893F1DC25B67DE000D055C2 /* Project object */;
			proxyType = 1;
			remoteGlobalIDString = B893F1E325B67DE000D055C2;
			remoteInfo = EthereumIosSample;
		};
/* End PBXContainerItemProxy section */

/* Begin PBXFileReference section */
		1E7BFCCE27620E6BDE2D2048 /* Pods-EthereumIosSample.release.xcconfig */ = {isa = PBXFileReference; includeInIndex = 1; lastKnownFileType = text.xcconfig; name = "Pods-EthereumIosSample.release.xcconfig"; path = "Target Support Files/Pods-EthereumIosSample/Pods-EthereumIosSample.release.xcconfig"; sourceTree = "<group>"; };
		284710A9E1842B7AE96EC728 /* Pods-EthereumIosSample-EthereumIosSampleUITests.release.xcconfig */ = {isa = PBXFileReference; includeInIndex = 1; lastKnownFileType = text.xcconfig; name = "Pods-EthereumIosSample-EthereumIosSampleUITests.release.xcconfig"; path = "Target Support Files/Pods-EthereumIosSample-EthereumIosSampleUITests/Pods-EthereumIosSample-EthereumIosSampleUITests.release.xcconfig"; sourceTree = "<group>"; };
		699AEB94028EE67556FCB5AF /* Pods-EthereumIosSampleTests.debug.xcconfig */ = {isa = PBXFileReference; includeInIndex = 1; lastKnownFileType = text.xcconfig; name = "Pods-EthereumIosSampleTests.debug.xcconfig"; path = "Target Support Files/Pods-EthereumIosSampleTests/Pods-EthereumIosSampleTests.debug.xcconfig"; sourceTree = "<group>"; };
		8768FAF2A63B18547AC2DBC8 /* Pods_EthereumIosSample.framework */ = {isa = PBXFileReference; explicitFileType = wrapper.framework; includeInIndex = 0; path = Pods_EthereumIosSample.framework; sourceTree = BUILT_PRODUCTS_DIR; };
		AF43116D3820A614C0B1AF2F /* Pods-EthereumIosSample.debug.xcconfig */ = {isa = PBXFileReference; includeInIndex = 1; lastKnownFileType = text.xcconfig; name = "Pods-EthereumIosSample.debug.xcconfig"; path = "Target Support Files/Pods-EthereumIosSample/Pods-EthereumIosSample.debug.xcconfig"; sourceTree = "<group>"; };
		B03C3058BBCA4E756E3E2943 /* Pods-EthereumIosSample-EthereumIosSampleUITests.debug.xcconfig */ = {isa = PBXFileReference; includeInIndex = 1; lastKnownFileType = text.xcconfig; name = "Pods-EthereumIosSample-EthereumIosSampleUITests.debug.xcconfig"; path = "Target Support Files/Pods-EthereumIosSample-EthereumIosSampleUITests/Pods-EthereumIosSample-EthereumIosSampleUITests.debug.xcconfig"; sourceTree = "<group>"; };
		B3430C2560B78211291784DD /* Pods_EthereumIosSampleTests.framework */ = {isa = PBXFileReference; explicitFileType = wrapper.framework; includeInIndex = 0; path = Pods_EthereumIosSampleTests.framework; sourceTree = BUILT_PRODUCTS_DIR; };
		B893F1E425B67DE000D055C2 /* EthereumIosSample.app */ = {isa = PBXFileReference; explicitFileType = wrapper.application; includeInIndex = 0; path = EthereumIosSample.app; sourceTree = BUILT_PRODUCTS_DIR; };
		B893F1E725B67DE000D055C2 /* AppDelegate.swift */ = {isa = PBXFileReference; lastKnownFileType = sourcecode.swift; path = AppDelegate.swift; sourceTree = "<group>"; };
		B893F1E925B67DE000D055C2 /* SceneDelegate.swift */ = {isa = PBXFileReference; lastKnownFileType = sourcecode.swift; path = SceneDelegate.swift; sourceTree = "<group>"; };
		B893F1EB25B67DE000D055C2 /* ViewController.swift */ = {isa = PBXFileReference; lastKnownFileType = sourcecode.swift; path = ViewController.swift; sourceTree = "<group>"; };
		B893F1EE25B67DE000D055C2 /* Base */ = {isa = PBXFileReference; lastKnownFileType = file.storyboard; name = Base; path = Base.lproj/Main.storyboard; sourceTree = "<group>"; };
		B893F1F025B67DE100D055C2 /* Assets.xcassets */ = {isa = PBXFileReference; lastKnownFileType = folder.assetcatalog; path = Assets.xcassets; sourceTree = "<group>"; };
		B893F1F325B67DE100D055C2 /* Base */ = {isa = PBXFileReference; lastKnownFileType = file.storyboard; name = Base; path = Base.lproj/LaunchScreen.storyboard; sourceTree = "<group>"; };
		B893F1F525B67DE100D055C2 /* Info.plist */ = {isa = PBXFileReference; lastKnownFileType = text.plist.xml; path = Info.plist; sourceTree = "<group>"; };
		B893F1FA25B67DE100D055C2 /* EthereumIosSampleTests.xctest */ = {isa = PBXFileReference; explicitFileType = wrapper.cfbundle; includeInIndex = 0; path = EthereumIosSampleTests.xctest; sourceTree = BUILT_PRODUCTS_DIR; };
		B893F1FE25B67DE100D055C2 /* EthereumIosSampleTests.swift */ = {isa = PBXFileReference; lastKnownFileType = sourcecode.swift; path = EthereumIosSampleTests.swift; sourceTree = "<group>"; };
		B893F20025B67DE100D055C2 /* Info.plist */ = {isa = PBXFileReference; lastKnownFileType = text.plist.xml; path = Info.plist; sourceTree = "<group>"; };
		B893F20525B67DE100D055C2 /* EthereumIosSampleUITests.xctest */ = {isa = PBXFileReference; explicitFileType = wrapper.cfbundle; includeInIndex = 0; path = EthereumIosSampleUITests.xctest; sourceTree = BUILT_PRODUCTS_DIR; };
		B893F20925B67DE100D055C2 /* EthereumIosSampleUITests.swift */ = {isa = PBXFileReference; lastKnownFileType = sourcecode.swift; path = EthereumIosSampleUITests.swift; sourceTree = "<group>"; };
		B893F20B25B67DE100D055C2 /* Info.plist */ = {isa = PBXFileReference; lastKnownFileType = text.plist.xml; path = Info.plist; sourceTree = "<group>"; };
		B893F22525B67F0B00D055C2 /* CreateWalletVC.swift */ = {isa = PBXFileReference; lastKnownFileType = sourcecode.swift; path = CreateWalletVC.swift; sourceTree = "<group>"; };
		B893F22A25B67F2200D055C2 /* CheckBalanceVC.swift */ = {isa = PBXFileReference; lastKnownFileType = sourcecode.swift; path = CheckBalanceVC.swift; sourceTree = "<group>"; };
		B893F22F25B67F6300D055C2 /* SendEthereumVC.swift */ = {isa = PBXFileReference; lastKnownFileType = sourcecode.swift; path = SendEthereumVC.swift; sourceTree = "<group>"; };
		B893F23425B67F7C00D055C2 /* ExportPrivateKeyVC.swift */ = {isa = PBXFileReference; lastKnownFileType = sourcecode.swift; path = ExportPrivateKeyVC.swift; sourceTree = "<group>"; };
		B893F23925B67F8D00D055C2 /* ExportKeystoreVC.swift */ = {isa = PBXFileReference; lastKnownFileType = sourcecode.swift; path = ExportKeystoreVC.swift; sourceTree = "<group>"; };
		B893F23E25B67FA600D055C2 /* CheckERC20TokenBalanceVC.swift */ = {isa = PBXFileReference; lastKnownFileType = sourcecode.swift; path = CheckERC20TokenBalanceVC.swift; sourceTree = "<group>"; };
		B893F24325B67FBA00D055C2 /* ImportByPrivateKeyVC.swift */ = {isa = PBXFileReference; lastKnownFileType = sourcecode.swift; path = ImportByPrivateKeyVC.swift; sourceTree = "<group>"; };
		B893F24825B67FCB00D055C2 /* SendERC20TokenVC.swift */ = {isa = PBXFileReference; lastKnownFileType = sourcecode.swift; path = SendERC20TokenVC.swift; sourceTree = "<group>"; };
		B893F24D25B67FDC00D055C2 /* ImportByKeystore.swift */ = {isa = PBXFileReference; lastKnownFileType = sourcecode.swift; path = ImportByKeystore.swift; sourceTree = "<group>"; };
		C99FB9C17970015741A53D60 /* Pods-EthereumIosSampleTests.release.xcconfig */ = {isa = PBXFileReference; includeInIndex = 1; lastKnownFileType = text.xcconfig; name = "Pods-EthereumIosSampleTests.release.xcconfig"; path = "Target Support Files/Pods-EthereumIosSampleTests/Pods-EthereumIosSampleTests.release.xcconfig"; sourceTree = "<group>"; };
		F71360BE674C5B9B4E909DFC /* Pods_EthereumIosSample_EthereumIosSampleUITests.framework */ = {isa = PBXFileReference; explicitFileType = wrapper.framework; includeInIndex = 0; path = Pods_EthereumIosSample_EthereumIosSampleUITests.framework; sourceTree = BUILT_PRODUCTS_DIR; };
/* End PBXFileReference section */

/* Begin PBXFrameworksBuildPhase section */
		B893F1E125B67DE000D055C2 /* Frameworks */ = {
			isa = PBXFrameworksBuildPhase;
			buildActionMask = 2147483647;
			files = (
				0C55E6F06FBACD8002E1F66E /* Pods_EthereumIosSample.framework in Frameworks */,
			);
			runOnlyForDeploymentPostprocessing = 0;
		};
		B893F1F725B67DE100D055C2 /* Frameworks */ = {
			isa = PBXFrameworksBuildPhase;
			buildActionMask = 2147483647;
			files = (
				E39375A7F86808830E924C90 /* Pods_EthereumIosSampleTests.framework in Frameworks */,
			);
			runOnlyForDeploymentPostprocessing = 0;
		};
		B893F20225B67DE100D055C2 /* Frameworks */ = {
			isa = PBXFrameworksBuildPhase;
			buildActionMask = 2147483647;
			files = (
				162CEA5C3C03E4C6C52CA8DC /* Pods_EthereumIosSample_EthereumIosSampleUITests.framework in Frameworks */,
			);
			runOnlyForDeploymentPostprocessing = 0;
		};
/* End PBXFrameworksBuildPhase section */

/* Begin PBXGroup section */
		0E84C373BE0B37F2E99EE43F /* Frameworks */ = {
			isa = PBXGroup;
			children = (
				8768FAF2A63B18547AC2DBC8 /* Pods_EthereumIosSample.framework */,
				F71360BE674C5B9B4E909DFC /* Pods_EthereumIosSample_EthereumIosSampleUITests.framework */,
				B3430C2560B78211291784DD /* Pods_EthereumIosSampleTests.framework */,
			);
			name = Frameworks;
			sourceTree = "<group>";
		};
		B893F1DB25B67DE000D055C2 = {
			isa = PBXGroup;
			children = (
				B893F1E625B67DE000D055C2 /* EthereumIosSample */,
				B893F1FD25B67DE100D055C2 /* EthereumIosSampleTests */,
				B893F20825B67DE100D055C2 /* EthereumIosSampleUITests */,
				B893F1E525B67DE000D055C2 /* Products */,
				D995DEB6C7F5053AF3FE1265 /* Pods */,
				0E84C373BE0B37F2E99EE43F /* Frameworks */,
			);
			sourceTree = "<group>";
		};
		B893F1E525B67DE000D055C2 /* Products */ = {
			isa = PBXGroup;
			children = (
				B893F1E425B67DE000D055C2 /* EthereumIosSample.app */,
				B893F1FA25B67DE100D055C2 /* EthereumIosSampleTests.xctest */,
				B893F20525B67DE100D055C2 /* EthereumIosSampleUITests.xctest */,
			);
			name = Products;
			sourceTree = "<group>";
		};
		B893F1E625B67DE000D055C2 /* EthereumIosSample */ = {
			isa = PBXGroup;
			children = (
				B893F1E725B67DE000D055C2 /* AppDelegate.swift */,
				B893F1E925B67DE000D055C2 /* SceneDelegate.swift */,
				B893F1EB25B67DE000D055C2 /* ViewController.swift */,
				B893F1ED25B67DE000D055C2 /* Main.storyboard */,
				B893F1F025B67DE100D055C2 /* Assets.xcassets */,
				B893F1F225B67DE100D055C2 /* LaunchScreen.storyboard */,
				B893F1F525B67DE100D055C2 /* Info.plist */,
				B893F22525B67F0B00D055C2 /* CreateWalletVC.swift */,
				B893F22A25B67F2200D055C2 /* CheckBalanceVC.swift */,
				B893F22F25B67F6300D055C2 /* SendEthereumVC.swift */,
				B893F23425B67F7C00D055C2 /* ExportPrivateKeyVC.swift */,
				B893F23925B67F8D00D055C2 /* ExportKeystoreVC.swift */,
				B893F23E25B67FA600D055C2 /* CheckERC20TokenBalanceVC.swift */,
				B893F24325B67FBA00D055C2 /* ImportByPrivateKeyVC.swift */,
				B893F24825B67FCB00D055C2 /* SendERC20TokenVC.swift */,
				B893F24D25B67FDC00D055C2 /* ImportByKeystore.swift */,
			);
			path = EthereumIosSample;
			sourceTree = "<group>";
		};
		B893F1FD25B67DE100D055C2 /* EthereumIosSampleTests */ = {
			isa = PBXGroup;
			children = (
				B893F1FE25B67DE100D055C2 /* EthereumIosSampleTests.swift */,
				B893F20025B67DE100D055C2 /* Info.plist */,
			);
			path = EthereumIosSampleTests;
			sourceTree = "<group>";
		};
		B893F20825B67DE100D055C2 /* EthereumIosSampleUITests */ = {
			isa = PBXGroup;
			children = (
				B893F20925B67DE100D055C2 /* EthereumIosSampleUITests.swift */,
				B893F20B25B67DE100D055C2 /* Info.plist */,
			);
			path = EthereumIosSampleUITests;
			sourceTree = "<group>";
		};
		D995DEB6C7F5053AF3FE1265 /* Pods */ = {
			isa = PBXGroup;
			children = (
				AF43116D3820A614C0B1AF2F /* Pods-EthereumIosSample.debug.xcconfig */,
				1E7BFCCE27620E6BDE2D2048 /* Pods-EthereumIosSample.release.xcconfig */,
				B03C3058BBCA4E756E3E2943 /* Pods-EthereumIosSample-EthereumIosSampleUITests.debug.xcconfig */,
				284710A9E1842B7AE96EC728 /* Pods-EthereumIosSample-EthereumIosSampleUITests.release.xcconfig */,
				699AEB94028EE67556FCB5AF /* Pods-EthereumIosSampleTests.debug.xcconfig */,
				C99FB9C17970015741A53D60 /* Pods-EthereumIosSampleTests.release.xcconfig */,
			);
			path = Pods;
			sourceTree = "<group>";
		};
/* End PBXGroup section */

/* Begin PBXNativeTarget section */
		B893F1E325B67DE000D055C2 /* EthereumIosSample */ = {
			isa = PBXNativeTarget;
			buildConfigurationList = B893F20E25B67DE100D055C2 /* Build configuration list for PBXNativeTarget "EthereumIosSample" */;
			buildPhases = (
				A00C1ABBC5E5822FB7AF21BB /* [CP] Check Pods Manifest.lock */,
				B893F1E025B67DE000D055C2 /* Sources */,
				B893F1E125B67DE000D055C2 /* Frameworks */,
				B893F1E225B67DE000D055C2 /* Resources */,
				501329EA9C40ABBDA6EA2ECB /* [CP] Embed Pods Frameworks */,
			);
			buildRules = (
			);
			dependencies = (
			);
			name = EthereumIosSample;
			productName = EthereumIosSample;
			productReference = B893F1E425B67DE000D055C2 /* EthereumIosSample.app */;
			productType = "com.apple.product-type.application";
		};
		B893F1F925B67DE100D055C2 /* EthereumIosSampleTests */ = {
			isa = PBXNativeTarget;
			buildConfigurationList = B893F21125B67DE100D055C2 /* Build configuration list for PBXNativeTarget "EthereumIosSampleTests" */;
			buildPhases = (
				0CEBF3DB1983860ED0D854F4 /* [CP] Check Pods Manifest.lock */,
				B893F1F625B67DE100D055C2 /* Sources */,
				B893F1F725B67DE100D055C2 /* Frameworks */,
				B893F1F825B67DE100D055C2 /* Resources */,
			);
			buildRules = (
			);
			dependencies = (
				B893F1FC25B67DE100D055C2 /* PBXTargetDependency */,
			);
			name = EthereumIosSampleTests;
			productName = EthereumIosSampleTests;
			productReference = B893F1FA25B67DE100D055C2 /* EthereumIosSampleTests.xctest */;
			productType = "com.apple.product-type.bundle.unit-test";
		};
		B893F20425B67DE100D055C2 /* EthereumIosSampleUITests */ = {
			isa = PBXNativeTarget;
			buildConfigurationList = B893F21425B67DE100D055C2 /* Build configuration list for PBXNativeTarget "EthereumIosSampleUITests" */;
			buildPhases = (
				C3FD08428C63CB161D094DB7 /* [CP] Check Pods Manifest.lock */,
				B893F20125B67DE100D055C2 /* Sources */,
				B893F20225B67DE100D055C2 /* Frameworks */,
				B893F20325B67DE100D055C2 /* Resources */,
				3D90EA6E81CED9B59520D110 /* [CP] Embed Pods Frameworks */,
			);
			buildRules = (
			);
			dependencies = (
				B893F20725B67DE100D055C2 /* PBXTargetDependency */,
			);
			name = EthereumIosSampleUITests;
			productName = EthereumIosSampleUITests;
			productReference = B893F20525B67DE100D055C2 /* EthereumIosSampleUITests.xctest */;
			productType = "com.apple.product-type.bundle.ui-testing";
		};
/* End PBXNativeTarget section */

/* Begin PBXProject section */
		B893F1DC25B67DE000D055C2 /* Project object */ = {
			isa = PBXProject;
			attributes = {
				LastSwiftUpdateCheck = 1220;
				LastUpgradeCheck = 1220;
				TargetAttributes = {
					B893F1E325B67DE000D055C2 = {
						CreatedOnToolsVersion = 12.2;
					};
					B893F1F925B67DE100D055C2 = {
						CreatedOnToolsVersion = 12.2;
						TestTargetID = B893F1E325B67DE000D055C2;
					};
					B893F20425B67DE100D055C2 = {
						CreatedOnToolsVersion = 12.2;
						TestTargetID = B893F1E325B67DE000D055C2;
					};
				};
			};
			buildConfigurationList = B893F1DF25B67DE000D055C2 /* Build configuration list for PBXProject "EthereumIosSample" */;
			compatibilityVersion = "Xcode 9.3";
			developmentRegion = en;
			hasScannedForEncodings = 0;
			knownRegions = (
				en,
				Base,
			);
			mainGroup = B893F1DB25B67DE000D055C2;
			productRefGroup = B893F1E525B67DE000D055C2 /* Products */;
			projectDirPath = "";
			projectRoot = "";
			targets = (
				B893F1E325B67DE000D055C2 /* EthereumIosSample */,
				B893F1F925B67DE100D055C2 /* EthereumIosSampleTests */,
				B893F20425B67DE100D055C2 /* EthereumIosSampleUITests */,
			);
		};
/* End PBXProject section */

/* Begin PBXResourcesBuildPhase section */
		B893F1E225B67DE000D055C2 /* Resources */ = {
			isa = PBXResourcesBuildPhase;
			buildActionMask = 2147483647;
			files = (
				B893F1F425B67DE100D055C2 /* LaunchScreen.storyboard in Resources */,
				B893F1F125B67DE100D055C2 /* Assets.xcassets in Resources */,
				B893F1EF25B67DE000D055C2 /* Main.storyboard in Resources */,
			);
			runOnlyForDeploymentPostprocessing = 0;
		};
		B893F1F825B67DE100D055C2 /* Resources */ = {
			isa = PBXResourcesBuildPhase;
			buildActionMask = 2147483647;
			files = (
			);
			runOnlyForDeploymentPostprocessing = 0;
		};
		B893F20325B67DE100D055C2 /* Resources */ = {
			isa = PBXResourcesBuildPhase;
			buildActionMask = 2147483647;
			files = (
			);
			runOnlyForDeploymentPostprocessing = 0;
		};
/* End PBXResourcesBuildPhase section */

/* Begin PBXShellScriptBuildPhase section */
		0CEBF3DB1983860ED0D854F4 /* [CP] Check Pods Manifest.lock */ = {
			isa = PBXShellScriptBuildPhase;
			buildActionMask = 2147483647;
			files = (
			);
			inputFileListPaths = (
			);
			inputPaths = (
				"${PODS_PODFILE_DIR_PATH}/Podfile.lock",
				"${PODS_ROOT}/Manifest.lock",
			);
			name = "[CP] Check Pods Manifest.lock";
			outputFileListPaths = (
			);
			outputPaths = (
				"$(DERIVED_FILE_DIR)/Pods-EthereumIosSampleTests-checkManifestLockResult.txt",
			);
			runOnlyForDeploymentPostprocessing = 0;
			shellPath = /bin/sh;
			shellScript = "diff \"${PODS_PODFILE_DIR_PATH}/Podfile.lock\" \"${PODS_ROOT}/Manifest.lock\" > /dev/null\nif [ $? != 0 ] ; then\n    # print error to STDERR\n    echo \"error: The sandbox is not in sync with the Podfile.lock. Run 'pod install' or update your CocoaPods installation.\" >&2\n    exit 1\nfi\n# This output is used by Xcode 'outputs' to avoid re-running this script phase.\necho \"SUCCESS\" > \"${SCRIPT_OUTPUT_FILE_0}\"\n";
			showEnvVarsInLog = 0;
		};
		3D90EA6E81CED9B59520D110 /* [CP] Embed Pods Frameworks */ = {
			isa = PBXShellScriptBuildPhase;
			buildActionMask = 2147483647;
			files = (
			);
			inputFileListPaths = (
				"${PODS_ROOT}/Target Support Files/Pods-EthereumIosSample-EthereumIosSampleUITests/Pods-EthereumIosSample-EthereumIosSampleUITests-frameworks-${CONFIGURATION}-input-files.xcfilelist",
			);
			name = "[CP] Embed Pods Frameworks";
			outputFileListPaths = (
				"${PODS_ROOT}/Target Support Files/Pods-EthereumIosSample-EthereumIosSampleUITests/Pods-EthereumIosSample-EthereumIosSampleUITests-frameworks-${CONFIGURATION}-output-files.xcfilelist",
			);
			runOnlyForDeploymentPostprocessing = 0;
			shellPath = /bin/sh;
			shellScript = "\"${PODS_ROOT}/Target Support Files/Pods-EthereumIosSample-EthereumIosSampleUITests/Pods-EthereumIosSample-EthereumIosSampleUITests-frameworks.sh\"\n";
			showEnvVarsInLog = 0;
		};
		501329EA9C40ABBDA6EA2ECB /* [CP] Embed Pods Frameworks */ = {
			isa = PBXShellScriptBuildPhase;
			buildActionMask = 2147483647;
			files = (
			);
			inputFileListPaths = (
				"${PODS_ROOT}/Target Support Files/Pods-EthereumIosSample/Pods-EthereumIosSample-frameworks-${CONFIGURATION}-input-files.xcfilelist",
			);
			name = "[CP] Embed Pods Frameworks";
			outputFileListPaths = (
				"${PODS_ROOT}/Target Support Files/Pods-EthereumIosSample/Pods-EthereumIosSample-frameworks-${CONFIGURATION}-output-files.xcfilelist",
			);
			runOnlyForDeploymentPostprocessing = 0;
			shellPath = /bin/sh;
			shellScript = "\"${PODS_ROOT}/Target Support Files/Pods-EthereumIosSample/Pods-EthereumIosSample-frameworks.sh\"\n";
			showEnvVarsInLog = 0;
		};
		A00C1ABBC5E5822FB7AF21BB /* [CP] Check Pods Manifest.lock */ = {
			isa = PBXShellScriptBuildPhase;
			buildActionMask = 2147483647;
			files = (
			);
			inputFileListPaths = (
			);
			inputPaths = (
				"${PODS_PODFILE_DIR_PATH}/Podfile.lock",
				"${PODS_ROOT}/Manifest.lock",
			);
			name = "[CP] Check Pods Manifest.lock";
			outputFileListPaths = (
			);
			outputPaths = (
				"$(DERIVED_FILE_DIR)/Pods-EthereumIosSample-checkManifestLockResult.txt",
			);
			runOnlyForDeploymentPostprocessing = 0;
			shellPath = /bin/sh;
			shellScript = "diff \"${PODS_PODFILE_DIR_PATH}/Podfile.lock\" \"${PODS_ROOT}/Manifest.lock\" > /dev/null\nif [ $? != 0 ] ; then\n    # print error to STDERR\n    echo \"error: The sandbox is not in sync with the Podfile.lock. Run 'pod install' or update your CocoaPods installation.\" >&2\n    exit 1\nfi\n# This output is used by Xcode 'outputs' to avoid re-running this script phase.\necho \"SUCCESS\" > \"${SCRIPT_OUTPUT_FILE_0}\"\n";
			showEnvVarsInLog = 0;
		};
		C3FD08428C63CB161D094DB7 /* [CP] Check Pods Manifest.lock */ = {
			isa = PBXShellScriptBuildPhase;
			buildActionMask = 2147483647;
			files = (
			);
			inputFileListPaths = (
			);
			inputPaths = (
				"${PODS_PODFILE_DIR_PATH}/Podfile.lock",
				"${PODS_ROOT}/Manifest.lock",
			);
			name = "[CP] Check Pods Manifest.lock";
			outputFileListPaths = (
			);
			outputPaths = (
				"$(DERIVED_FILE_DIR)/Pods-EthereumIosSample-EthereumIosSampleUITests-checkManifestLockResult.txt",
			);
			runOnlyForDeploymentPostprocessing = 0;
			shellPath = /bin/sh;
			shellScript = "diff \"${PODS_PODFILE_DIR_PATH}/Podfile.lock\" \"${PODS_ROOT}/Manifest.lock\" > /dev/null\nif [ $? != 0 ] ; then\n    # print error to STDERR\n    echo \"error: The sandbox is not in sync with the Podfile.lock. Run 'pod install' or update your CocoaPods installation.\" >&2\n    exit 1\nfi\n# This output is used by Xcode 'outputs' to avoid re-running this script phase.\necho \"SUCCESS\" > \"${SCRIPT_OUTPUT_FILE_0}\"\n";
			showEnvVarsInLog = 0;
		};
/* End PBXShellScriptBuildPhase section */

/* Begin PBXSourcesBuildPhase section */
		B893F1E025B67DE000D055C2 /* Sources */ = {
			isa = PBXSourcesBuildPhase;
			buildActionMask = 2147483647;
			files = (
				B893F24425B67FBA00D055C2 /* ImportByPrivateKeyVC.swift in Sources */,
				B893F24E25B67FDC00D055C2 /* ImportByKeystore.swift in Sources */,
				B893F1EC25B67DE000D055C2 /* ViewController.swift in Sources */,
				B893F22625B67F0B00D055C2 /* CreateWalletVC.swift in Sources */,
				B893F23A25B67F8D00D055C2 /* ExportKeystoreVC.swift in Sources */,
				B893F22B25B67F2200D055C2 /* CheckBalanceVC.swift in Sources */,
				B893F23525B67F7C00D055C2 /* ExportPrivateKeyVC.swift in Sources */,
				B893F23025B67F6300D055C2 /* SendEthereumVC.swift in Sources */,
				B893F24925B67FCB00D055C2 /* SendERC20TokenVC.swift in Sources */,
				B893F1E825B67DE000D055C2 /* AppDelegate.swift in Sources */,
				B893F1EA25B67DE000D055C2 /* SceneDelegate.swift in Sources */,
				B893F23F25B67FA600D055C2 /* CheckERC20TokenBalanceVC.swift in Sources */,
			);
			runOnlyForDeploymentPostprocessing = 0;
		};
		B893F1F625B67DE100D055C2 /* Sources */ = {
			isa = PBXSourcesBuildPhase;
			buildActionMask = 2147483647;
			files = (
				B893F1FF25B67DE100D055C2 /* EthereumIosSampleTests.swift in Sources */,
			);
			runOnlyForDeploymentPostprocessing = 0;
		};
		B893F20125B67DE100D055C2 /* Sources */ = {
			isa = PBXSourcesBuildPhase;
			buildActionMask = 2147483647;
			files = (
				B893F20A25B67DE100D055C2 /* EthereumIosSampleUITests.swift in Sources */,
			);
			runOnlyForDeploymentPostprocessing = 0;
		};
/* End PBXSourcesBuildPhase section */

/* Begin PBXTargetDependency section */
		B893F1FC25B67DE100D055C2 /* PBXTargetDependency */ = {
			isa = PBXTargetDependency;
			target = B893F1E325B67DE000D055C2 /* EthereumIosSample */;
			targetProxy = B893F1FB25B67DE100D055C2 /* PBXContainerItemProxy */;
		};
		B893F20725B67DE100D055C2 /* PBXTargetDependency */ = {
			isa = PBXTargetDependency;
			target = B893F1E325B67DE000D055C2 /* EthereumIosSample */;
			targetProxy = B893F20625B67DE100D055C2 /* PBXContainerItemProxy */;
		};
/* End PBXTargetDependency section */

/* Begin PBXVariantGroup section */
		B893F1ED25B67DE000D055C2 /* Main.storyboard */ = {
			isa = PBXVariantGroup;
			children = (
				B893F1EE25B67DE000D055C2 /* Base */,
			);
			name = Main.storyboard;
			sourceTree = "<group>";
		};
		B893F1F225B67DE100D055C2 /* LaunchScreen.storyboard */ = {
			isa = PBXVariantGroup;
			children = (
				B893F1F325B67DE100D055C2 /* Base */,
			);
			name = LaunchScreen.storyboard;
			sourceTree = "<group>";
		};
/* End PBXVariantGroup section */

/* Begin XCBuildConfiguration section */
		B893F20C25B67DE100D055C2 /* Debug */ = {
			isa = XCBuildConfiguration;
			buildSettings = {
				ALWAYS_SEARCH_USER_PATHS = NO;
				CLANG_ANALYZER_NONNULL = YES;
				CLANG_ANALYZER_NUMBER_OBJECT_CONVERSION = YES_AGGRESSIVE;
				CLANG_CXX_LANGUAGE_STANDARD = "gnu++14";
				CLANG_CXX_LIBRARY = "libc++";
				CLANG_ENABLE_MODULES = YES;
				CLANG_ENABLE_OBJC_ARC = YES;
				CLANG_ENABLE_OBJC_WEAK = YES;
				CLANG_WARN_BLOCK_CAPTURE_AUTORELEASING = YES;
				CLANG_WARN_BOOL_CONVERSION = YES;
				CLANG_WARN_COMMA = YES;
				CLANG_WARN_CONSTANT_CONVERSION = YES;
				CLANG_WARN_DEPRECATED_OBJC_IMPLEMENTATIONS = YES;
				CLANG_WARN_DIRECT_OBJC_ISA_USAGE = YES_ERROR;
				CLANG_WARN_DOCUMENTATION_COMMENTS = YES;
				CLANG_WARN_EMPTY_BODY = YES;
				CLANG_WARN_ENUM_CONVERSION = YES;
				CLANG_WARN_INFINITE_RECURSION = YES;
				CLANG_WARN_INT_CONVERSION = YES;
				CLANG_WARN_NON_LITERAL_NULL_CONVERSION = YES;
				CLANG_WARN_OBJC_IMPLICIT_RETAIN_SELF = YES;
				CLANG_WARN_OBJC_LITERAL_CONVERSION = YES;
				CLANG_WARN_OBJC_ROOT_CLASS = YES_ERROR;
				CLANG_WARN_QUOTED_INCLUDE_IN_FRAMEWORK_HEADER = YES;
				CLANG_WARN_RANGE_LOOP_ANALYSIS = YES;
				CLANG_WARN_STRICT_PROTOTYPES = YES;
				CLANG_WARN_SUSPICIOUS_MOVE = YES;
				CLANG_WARN_UNGUARDED_AVAILABILITY = YES_AGGRESSIVE;
				CLANG_WARN_UNREACHABLE_CODE = YES;
				CLANG_WARN__DUPLICATE_METHOD_MATCH = YES;
				COPY_PHASE_STRIP = NO;
				DEBUG_INFORMATION_FORMAT = dwarf;
				ENABLE_STRICT_OBJC_MSGSEND = YES;
				ENABLE_TESTABILITY = YES;
				GCC_C_LANGUAGE_STANDARD = gnu11;
				GCC_DYNAMIC_NO_PIC = NO;
				GCC_NO_COMMON_BLOCKS = YES;
				GCC_OPTIMIZATION_LEVEL = 0;
				GCC_PREPROCESSOR_DEFINITIONS = (
					"DEBUG=1",
					"$(inherited)",
				);
				GCC_WARN_64_TO_32_BIT_CONVERSION = YES;
				GCC_WARN_ABOUT_RETURN_TYPE = YES_ERROR;
				GCC_WARN_UNDECLARED_SELECTOR = YES;
				GCC_WARN_UNINITIALIZED_AUTOS = YES_AGGRESSIVE;
				GCC_WARN_UNUSED_FUNCTION = YES;
				GCC_WARN_UNUSED_VARIABLE = YES;
				IPHONEOS_DEPLOYMENT_TARGET = 14.2;
				MTL_ENABLE_DEBUG_INFO = INCLUDE_SOURCE;
				MTL_FAST_MATH = YES;
				ONLY_ACTIVE_ARCH = YES;
				SDKROOT = iphoneos;
				SWIFT_ACTIVE_COMPILATION_CONDITIONS = DEBUG;
				SWIFT_OPTIMIZATION_LEVEL = "-Onone";
			};
			name = Debug;
		};
		B893F20D25B67DE100D055C2 /* Release */ = {
			isa = XCBuildConfiguration;
			buildSettings = {
				ALWAYS_SEARCH_USER_PATHS = NO;
				CLANG_ANALYZER_NONNULL = YES;
				CLANG_ANALYZER_NUMBER_OBJECT_CONVERSION = YES_AGGRESSIVE;
				CLANG_CXX_LANGUAGE_STANDARD = "gnu++14";
				CLANG_CXX_LIBRARY = "libc++";
				CLANG_ENABLE_MODULES = YES;
				CLANG_ENABLE_OBJC_ARC = YES;
				CLANG_ENABLE_OBJC_WEAK = YES;
				CLANG_WARN_BLOCK_CAPTURE_AUTORELEASING = YES;
				CLANG_WARN_BOOL_CONVERSION = YES;
				CLANG_WARN_COMMA = YES;
				CLANG_WARN_CONSTANT_CONVERSION = YES;
				CLANG_WARN_DEPRECATED_OBJC_IMPLEMENTATIONS = YES;
				CLANG_WARN_DIRECT_OBJC_ISA_USAGE = YES_ERROR;
				CLANG_WARN_DOCUMENTATION_COMMENTS = YES;
				CLANG_WARN_EMPTY_BODY = YES;
				CLANG_WARN_ENUM_CONVERSION = YES;
				CLANG_WARN_INFINITE_RECURSION = YES;
				CLANG_WARN_INT_CONVERSION = YES;
				CLANG_WARN_NON_LITERAL_NULL_CONVERSION = YES;
				CLANG_WARN_OBJC_IMPLICIT_RETAIN_SELF = YES;
				CLANG_WARN_OBJC_LITERAL_CONVERSION = YES;
				CLANG_WARN_OBJC_ROOT_CLASS = YES_ERROR;
				CLANG_WARN_QUOTED_INCLUDE_IN_FRAMEWORK_HEADER = YES;
				CLANG_WARN_RANGE_LOOP_ANALYSIS = YES;
				CLANG_WARN_STRICT_PROTOTYPES = YES;
				CLANG_WARN_SUSPICIOUS_MOVE = YES;
				CLANG_WARN_UNGUARDED_AVAILABILITY = YES_AGGRESSIVE;
				CLANG_WARN_UNREACHABLE_CODE = YES;
				CLANG_WARN__DUPLICATE_METHOD_MATCH = YES;
				COPY_PHASE_STRIP = NO;
				DEBUG_INFORMATION_FORMAT = "dwarf-with-dsym";
				ENABLE_NS_ASSERTIONS = NO;
				ENABLE_STRICT_OBJC_MSGSEND = YES;
				GCC_C_LANGUAGE_STANDARD = gnu11;
				GCC_NO_COMMON_BLOCKS = YES;
				GCC_WARN_64_TO_32_BIT_CONVERSION = YES;
				GCC_WARN_ABOUT_RETURN_TYPE = YES_ERROR;
				GCC_WARN_UNDECLARED_SELECTOR = YES;
				GCC_WARN_UNINITIALIZED_AUTOS = YES_AGGRESSIVE;
				GCC_WARN_UNUSED_FUNCTION = YES;
				GCC_WARN_UNUSED_VARIABLE = YES;
				IPHONEOS_DEPLOYMENT_TARGET = 14.2;
				MTL_ENABLE_DEBUG_INFO = NO;
				MTL_FAST_MATH = YES;
				SDKROOT = iphoneos;
				SWIFT_COMPILATION_MODE = wholemodule;
				SWIFT_OPTIMIZATION_LEVEL = "-O";
				VALIDATE_PRODUCT = YES;
			};
			name = Release;
		};
		B893F20F25B67DE100D055C2 /* Debug */ = {
			isa = XCBuildConfiguration;
			baseConfigurationReference = AF43116D3820A614C0B1AF2F /* Pods-EthereumIosSample.debug.xcconfig */;
			buildSettings = {
				ASSETCATALOG_COMPILER_APPICON_NAME = AppIcon;
				ASSETCATALOG_COMPILER_GLOBAL_ACCENT_COLOR_NAME = AccentColor;
				CODE_SIGN_STYLE = Automatic;
				INFOPLIST_FILE = EthereumIosSample/Info.plist;
				LD_RUNPATH_SEARCH_PATHS = (
					"$(inherited)",
					"@executable_path/Frameworks",
				);
				PRODUCT_BUNDLE_IDENTIFIER = com.ergashev..EthereumIosSample;
				PRODUCT_NAME = "$(TARGET_NAME)";
				SWIFT_VERSION = 5.0;
				TARGETED_DEVICE_FAMILY = "1,2";
			};
			name = Debug;
		};
		B893F21025B67DE100D055C2 /* Release */ = {
			isa = XCBuildConfiguration;
			baseConfigurationReference = 1E7BFCCE27620E6BDE2D2048 /* Pods-EthereumIosSample.release.xcconfig */;
			buildSettings = {
				ASSETCATALOG_COMPILER_APPICON_NAME = AppIcon;
				ASSETCATALOG_COMPILER_GLOBAL_ACCENT_COLOR_NAME = AccentColor;
				CODE_SIGN_STYLE = Automatic;
				INFOPLIST_FILE = EthereumIosSample/Info.plist;
				LD_RUNPATH_SEARCH_PATHS = (
					"$(inherited)",
					"@executable_path/Frameworks",
				);
				PRODUCT_BUNDLE_IDENTIFIER = com.ergashev..EthereumIosSample;
				PRODUCT_NAME = "$(TARGET_NAME)";
				SWIFT_VERSION = 5.0;
				TARGETED_DEVICE_FAMILY = "1,2";
			};
			name = Release;
		};
		B893F21225B67DE100D055C2 /* Debug */ = {
			isa = XCBuildConfiguration;
			baseConfigurationReference = 699AEB94028EE67556FCB5AF /* Pods-EthereumIosSampleTests.debug.xcconfig */;
			buildSettings = {
				ALWAYS_EMBED_SWIFT_STANDARD_LIBRARIES = YES;
				BUNDLE_LOADER = "$(TEST_HOST)";
				CODE_SIGN_STYLE = Automatic;
				INFOPLIST_FILE = EthereumIosSampleTests/Info.plist;
				IPHONEOS_DEPLOYMENT_TARGET = 14.2;
				LD_RUNPATH_SEARCH_PATHS = (
					"$(inherited)",
					"@executable_path/Frameworks",
					"@loader_path/Frameworks",
				);
				PRODUCT_BUNDLE_IDENTIFIER = com.ergashev..EthereumIosSampleTests;
				PRODUCT_NAME = "$(TARGET_NAME)";
				SWIFT_VERSION = 5.0;
				TARGETED_DEVICE_FAMILY = "1,2";
				TEST_HOST = "$(BUILT_PRODUCTS_DIR)/EthereumIosSample.app/EthereumIosSample";
			};
			name = Debug;
		};
		B893F21325B67DE100D055C2 /* Release */ = {
			isa = XCBuildConfiguration;
			baseConfigurationReference = C99FB9C17970015741A53D60 /* Pods-EthereumIosSampleTests.release.xcconfig */;
			buildSettings = {
				ALWAYS_EMBED_SWIFT_STANDARD_LIBRARIES = YES;
				BUNDLE_LOADER = "$(TEST_HOST)";
				CODE_SIGN_STYLE = Automatic;
				INFOPLIST_FILE = EthereumIosSampleTests/Info.plist;
				IPHONEOS_DEPLOYMENT_TARGET = 14.2;
				LD_RUNPATH_SEARCH_PATHS = (
					"$(inherited)",
					"@executable_path/Frameworks",
					"@loader_path/Frameworks",
				);
				PRODUCT_BUNDLE_IDENTIFIER = com.ergashev..EthereumIosSampleTests;
				PRODUCT_NAME = "$(TARGET_NAME)";
				SWIFT_VERSION = 5.0;
				TARGETED_DEVICE_FAMILY = "1,2";
				TEST_HOST = "$(BUILT_PRODUCTS_DIR)/EthereumIosSample.app/EthereumIosSample";
			};
			name = Release;
		};
		B893F21525B67DE100D055C2 /* Debug */ = {
			isa = XCBuildConfiguration;
			baseConfigurationReference = B03C3058BBCA4E756E3E2943 /* Pods-EthereumIosSample-EthereumIosSampleUITests.debug.xcconfig */;
			buildSettings = {
				ALWAYS_EMBED_SWIFT_STANDARD_LIBRARIES = YES;
				CODE_SIGN_STYLE = Automatic;
				INFOPLIST_FILE = EthereumIosSampleUITests/Info.plist;
				LD_RUNPATH_SEARCH_PATHS = (
					"$(inherited)",
					"@executable_path/Frameworks",
					"@loader_path/Frameworks",
				);
				PRODUCT_BUNDLE_IDENTIFIER = com.ergashev..EthereumIosSampleUITests;
				PRODUCT_NAME = "$(TARGET_NAME)";
				SWIFT_VERSION = 5.0;
				TARGETED_DEVICE_FAMILY = "1,2";
				TEST_TARGET_NAME = EthereumIosSample;
			};
			name = Debug;
		};
		B893F21625B67DE100D055C2 /* Release */ = {
			isa = XCBuildConfiguration;
			baseConfigurationReference = 284710A9E1842B7AE96EC728 /* Pods-EthereumIosSample-EthereumIosSampleUITests.release.xcconfig */;
			buildSettings = {
				ALWAYS_EMBED_SWIFT_STANDARD_LIBRARIES = YES;
				CODE_SIGN_STYLE = Automatic;
				INFOPLIST_FILE = EthereumIosSampleUITests/Info.plist;
				LD_RUNPATH_SEARCH_PATHS = (
					"$(inherited)",
					"@executable_path/Frameworks",
					"@loader_path/Frameworks",
				);
				PRODUCT_BUNDLE_IDENTIFIER = com.ergashev..EthereumIosSampleUITests;
				PRODUCT_NAME = "$(TARGET_NAME)";
				SWIFT_VERSION = 5.0;
				TARGETED_DEVICE_FAMILY = "1,2";
				TEST_TARGET_NAME = EthereumIosSample;
			};
			name = Release;
		};
/* End XCBuildConfiguration section */

/* Begin XCConfigurationList section */
		B893F1DF25B67DE000D055C2 /* Build configuration list for PBXProject "EthereumIosSample" */ = {
			isa = XCConfigurationList;
			buildConfigurations = (
				B893F20C25B67DE100D055C2 /* Debug */,
				B893F20D25B67DE100D055C2 /* Release */,
			);
			defaultConfigurationIsVisible = 0;
			defaultConfigurationName = Release;
		};
		B893F20E25B67DE100D055C2 /* Build configuration list for PBXNativeTarget "EthereumIosSample" */ = {
			isa = XCConfigurationList;
			buildConfigurations = (
				B893F20F25B67DE100D055C2 /* Debug */,
				B893F21025B67DE100D055C2 /* Release */,
			);
			defaultConfigurationIsVisible = 0;
			defaultConfigurationName = Release;
		};
		B893F21125B67DE100D055C2 /* Build configuration list for PBXNativeTarget "EthereumIosSampleTests" */ = {
			isa = XCConfigurationList;
			buildConfigurations = (
				B893F21225B67DE100D055C2 /* Debug */,
				B893F21325B67DE100D055C2 /* Release */,
			);
			defaultConfigurationIsVisible = 0;
			defaultConfigurationName = Release;
		};
		B893F21425B67DE100D055C2 /* Build configuration list for PBXNativeTarget "EthereumIosSampleUITests" */ = {
			isa = XCConfigurationList;
			buildConfigurations = (
				B893F21525B67DE100D055C2 /* Debug */,
				B893F21625B67DE100D055C2 /* Release */,
			);
			defaultConfigurationIsVisible = 0;
			defaultConfigurationName = Release;
		};
/* End XCConfigurationList section */
	};
	rootObject = B893F1DC25B67DE000D055C2 /* Project object */;
}
